
Microsoft Visual Studio Solution File, Format Version 12.00
# Visual Studio Version 17
VisualStudioVersion = 17.4.33205.214
MinimumVisualStudioVersion = 10.0.40219.1
Project("{FAE04EC0-301F-11D3-BF4B-00C04F79EFBC}") = "Seyehat", "Seyehat\Seyehat.csproj", "{EC90A689-2F5B-4D0F-8D25-E338D2059EE5}"
EndProject
Global
	GlobalSection(SolutionConfigurationPlatforms) = preSolution
		Debug|Any CPU = Debug|Any CPU
		Release|Any CPU = Release|Any CPU
	EndGlobalSection
	GlobalSection(ProjectConfigurationPlatforms) = postSolution
		{EC90A689-2F5B-4D0F-8D25-E338D2059EE5}.Debug|Any CPU.ActiveCfg = Debug|Any CPU
		{EC90A689-2F5B-4D0F-8D25-E338D2059EE5}.Debug|Any CPU.Build.0 = Debug|Any CPU
		{EC90A689-2F5B-4D0F-8D25-E338D2059EE5}.Release|Any CPU.ActiveCfg = Release|Any CPU
		{EC90A689-2F5B-4D0F-8D25-E338D2059EE5}.Release|Any CPU.Build.0 = Release|Any CPU
	EndGlobalSection
	GlobalSection(SolutionProperties) = preSolution
		HideSolutionNode = FALSE
	EndGlobalSection
	GlobalSection(ExtensibilityGlobals) = postSolution
		SolutionGuid = {D560578E-ED1A-4122-B97B-639764A2E351}
	EndGlobalSection
EndGlobal
